// !$*UTF8*$!
{
	archiveVersion = 1;
	classes = {
	};
	objectVersion = 56;
	objects = {

/* Begin PBXBuildFile section */
		7EA46ADE2B6DFEB600EE0968 /* AppDelegate.swift in Sources */ = {isa = PBXBuildFile; fileRef = 7EA46ADD2B6DFEB600EE0968 /* AppDelegate.swift */; };
		7EA46AE02B6DFEB600EE0968 /* SceneDelegate.swift in Sources */ = {isa = PBXBuildFile; fileRef = 7EA46ADF2B6DFEB600EE0968 /* SceneDelegate.swift */; };
		7EA46AE22B6DFEB600EE0968 /* ViewController.swift in Sources */ = {isa = PBXBuildFile; fileRef = 7EA46AE12B6DFEB600EE0968 /* ViewController.swift */; };
		7EA46AE52B6DFEB700EE0968 /* Main.storyboard in Resources */ = {isa = PBXBuildFile; fileRef = 7EA46AE32B6DFEB700EE0968 /* Main.storyboard */; };
		7EA46AE72B6DFEB800EE0968 /* Assets.xcassets in Resources */ = {isa = PBXBuildFile; fileRef = 7EA46AE62B6DFEB800EE0968 /* Assets.xcassets */; };
		7EA46AEA2B6DFEB800EE0968 /* LaunchScreen.storyboard in Resources */ = {isa = PBXBuildFile; fileRef = 7EA46AE82B6DFEB800EE0968 /* LaunchScreen.storyboard */; };
		7EA46AF52B6DFEB800EE0968 /* Feb3Tests.swift in Sources */ = {isa = PBXBuildFile; fileRef = 7EA46AF42B6DFEB800EE0968 /* Feb3Tests.swift */; };
		7EA46AFF2B6DFEB800EE0968 /* Feb3UITests.swift in Sources */ = {isa = PBXBuildFile; fileRef = 7EA46AFE2B6DFEB800EE0968 /* Feb3UITests.swift */; };
		7EA46B012B6DFEB800EE0968 /* Feb3UITestsLaunchTests.swift in Sources */ = {isa = PBXBuildFile; fileRef = 7EA46B002B6DFEB800EE0968 /* Feb3UITestsLaunchTests.swift */; };
/* End PBXBuildFile section */

/* Begin PBXContainerItemProxy section */
		7EA46AF12B6DFEB800EE0968 /* PBXContainerItemProxy */ = {
			isa = PBXContainerItemProxy;
			containerPortal = 7EA46AD22B6DFEB600EE0968 /* Project object */;
			proxyType = 1;
			remoteGlobalIDString = 7EA46AD92B6DFEB600EE0968;
			remoteInfo = Feb3;
		};
		7EA46AFB2B6DFEB800EE0968 /* PBXContainerItemProxy */ = {
			isa = PBXContainerItemProxy;
			containerPortal = 7EA46AD22B6DFEB600EE0968 /* Project object */;
			proxyType = 1;
			remoteGlobalIDString = 7EA46AD92B6DFEB600EE0968;
			remoteInfo = Feb3;
		};
/* End PBXContainerItemProxy section */

/* Begin PBXFileReference section */
		7EA46ADA2B6DFEB600EE0968 /* Feb3.app */ = {isa = PBXFileReference; explicitFileType = wrapper.application; includeInIndex = 0; path = Feb3.app; sourceTree = BUILT_PRODUCTS_DIR; };
		7EA46ADD2B6DFEB600EE0968 /* AppDelegate.swift */ = {isa = PBXFileReference; lastKnownFileType = sourcecode.swift; path = AppDelegate.swift; sourceTree = "<group>"; };
		7EA46ADF2B6DFEB600EE0968 /* SceneDelegate.swift */ = {isa = PBXFileReference; lastKnownFileType = sourcecode.swift; path = SceneDelegate.swift; sourceTree = "<group>"; };
		7EA46AE12B6DFEB600EE0968 /* ViewController.swift */ = {isa = PBXFileReference; lastKnownFileType = sourcecode.swift; path = ViewController.swift; sourceTree = "<group>"; };
		7EA46AE42B6DFEB700EE0968 /* Base */ = {isa = PBXFileReference; lastKnownFileType = file.storyboard; name = Base; path = Base.lproj/Main.storyboard; sourceTree = "<group>"; };
		7EA46AE62B6DFEB800EE0968 /* Assets.xcassets */ = {isa = PBXFileReference; lastKnownFileType = folder.assetcatalog; path = Assets.xcassets; sourceTree = "<group>"; };
		7EA46AE92B6DFEB800EE0968 /* Base */ = {isa = PBXFileReference; lastKnownFileType = file.storyboard; name = Base; path = Base.lproj/LaunchScreen.storyboard; sourceTree = "<group>"; };
		7EA46AEB2B6DFEB800EE0968 /* Info.plist */ = {isa = PBXFileReference; lastKnownFileType = text.plist.xml; path = Info.plist; sourceTree = "<group>"; };
		7EA46AF02B6DFEB800EE0968 /* Feb3Tests.xctest */ = {isa = PBXFileReference; explicitFileType = wrapper.cfbundle; includeInIndex = 0; path = Feb3Tests.xctest; sourceTree = BUILT_PRODUCTS_DIR; };
		7EA46AF42B6DFEB800EE0968 /* Feb3Tests.swift */ = {isa = PBXFileReference; lastKnownFileType = sourcecode.swift; path = Feb3Tests.swift; sourceTree = "<group>"; };
		7EA46AFA2B6DFEB800EE0968 /* Feb3UITests.xctest */ = {isa = PBXFileReference; explicitFileType = wrapper.cfbundle; includeInIndex = 0; path = Feb3UITests.xctest; sourceTree = BUILT_PRODUCTS_DIR; };
		7EA46AFE2B6DFEB800EE0968 /* Feb3UITests.swift */ = {isa = PBXFileReference; lastKnownFileType = sourcecode.swift; path = Feb3UITests.swift; sourceTree = "<group>"; };
		7EA46B002B6DFEB800EE0968 /* Feb3UITestsLaunchTests.swift */ = {isa = PBXFileReference; lastKnownFileType = sourcecode.swift; path = Feb3UITestsLaunchTests.swift; sourceTree = "<group>"; };
/* End PBXFileReference section */

/* Begin PBXFrameworksBuildPhase section */
		7EA46AD72B6DFEB600EE0968 /* Frameworks */ = {
			isa = PBXFrameworksBuildPhase;
			buildActionMask = 2147483647;
			files = (
			);
			runOnlyForDeploymentPostprocessing = 0;
		};
		7EA46AED2B6DFEB800EE0968 /* Frameworks */ = {
			isa = PBXFrameworksBuildPhase;
			buildActionMask = 2147483647;
			files = (
			);
			runOnlyForDeploymentPostprocessing = 0;
		};
		7EA46AF72B6DFEB800EE0968 /* Frameworks */ = {
			isa = PBXFrameworksBuildPhase;
			buildActionMask = 2147483647;
			files = (
			);
			runOnlyForDeploymentPostprocessing = 0;
		};
/* End PBXFrameworksBuildPhase section */

/* Begin PBXGroup section */
		7EA46AD12B6DFEB600EE0968 = {
			isa = PBXGroup;
			children = (
				7EA46ADC2B6DFEB600EE0968 /* Feb3 */,
				7EA46AF32B6DFEB800EE0968 /* Feb3Tests */,
				7EA46AFD2B6DFEB800EE0968 /* Feb3UITests */,
				7EA46ADB2B6DFEB600EE0968 /* Products */,
			);
			sourceTree = "<group>";
		};
		7EA46ADB2B6DFEB600EE0968 /* Products */ = {
			isa = PBXGroup;
			children = (
				7EA46ADA2B6DFEB600EE0968 /* Feb3.app */,
				7EA46AF02B6DFEB800EE0968 /* Feb3Tests.xctest */,
				7EA46AFA2B6DFEB800EE0968 /* Feb3UITests.xctest */,
			);
			name = Products;
			sourceTree = "<group>";
		};
		7EA46ADC2B6DFEB600EE0968 /* Feb3 */ = {
			isa = PBXGroup;
			children = (
				7EA46ADD2B6DFEB600EE0968 /* AppDelegate.swift */,
				7EA46ADF2B6DFEB600EE0968 /* SceneDelegate.swift */,
				7EA46AE12B6DFEB600EE0968 /* ViewController.swift */,
				7EA46AE32B6DFEB700EE0968 /* Main.storyboard */,
				7EA46AE62B6DFEB800EE0968 /* Assets.xcassets */,
				7EA46AE82B6DFEB800EE0968 /* LaunchScreen.storyboard */,
				7EA46AEB2B6DFEB800EE0968 /* Info.plist */,
			);
			path = Feb3;
			sourceTree = "<group>";
		};
		7EA46AF32B6DFEB800EE0968 /* Feb3Tests */ = {
			isa = PBXGroup;
			children = (
				7EA46AF42B6DFEB800EE0968 /* Feb3Tests.swift */,
			);
			path = Feb3Tests;
			sourceTree = "<group>";
		};
		7EA46AFD2B6DFEB800EE0968 /* Feb3UITests */ = {
			isa = PBXGroup;
			children = (
				7EA46AFE2B6DFEB800EE0968 /* Feb3UITests.swift */,
				7EA46B002B6DFEB800EE0968 /* Feb3UITestsLaunchTests.swift */,
			);
			path = Feb3UITests;
			sourceTree = "<group>";
		};
/* End PBXGroup section */

/* Begin PBXNativeTarget section */
		7EA46AD92B6DFEB600EE0968 /* Feb3 */ = {
			isa = PBXNativeTarget;
			buildConfigurationList = 7EA46B042B6DFEB800EE0968 /* Build configuration list for PBXNativeTarget "Feb3" */;
			buildPhases = (
				7EA46AD62B6DFEB600EE0968 /* Sources */,
				7EA46AD72B6DFEB600EE0968 /* Frameworks */,
				7EA46AD82B6DFEB600EE0968 /* Resources */,
			);
			buildRules = (
			);
			dependencies = (
			);
			name = Feb3;
			productName = Feb3;
			productReference = 7EA46ADA2B6DFEB600EE0968 /* Feb3.app */;
			productType = "com.apple.product-type.application";
		};
		7EA46AEF2B6DFEB800EE0968 /* Feb3Tests */ = {
			isa = PBXNativeTarget;
			buildConfigurationList = 7EA46B072B6DFEB800EE0968 /* Build configuration list for PBXNativeTarget "Feb3Tests" */;
			buildPhases = (
				7EA46AEC2B6DFEB800EE0968 /* Sources */,
				7EA46AED2B6DFEB800EE0968 /* Frameworks */,
				7EA46AEE2B6DFEB800EE0968 /* Resources */,
			);
			buildRules = (
			);
			dependencies = (
				7EA46AF22B6DFEB800EE0968 /* PBXTargetDependency */,
			);
			name = Feb3Tests;
			productName = Feb3Tests;
			productReference = 7EA46AF02B6DFEB800EE0968 /* Feb3Tests.xctest */;
			productType = "com.apple.product-type.bundle.unit-test";
		};
		7EA46AF92B6DFEB800EE0968 /* Feb3UITests */ = {
			isa = PBXNativeTarget;
			buildConfigurationList = 7EA46B0A2B6DFEB800EE0968 /* Build configuration list for PBXNativeTarget "Feb3UITests" */;
			buildPhases = (
				7EA46AF62B6DFEB800EE0968 /* Sources */,
				7EA46AF72B6DFEB800EE0968 /* Frameworks */,
				7EA46AF82B6DFEB800EE0968 /* Resources */,
			);
			buildRules = (
			);
			dependencies = (
				7EA46AFC2B6DFEB800EE0968 /* PBXTargetDependency */,
			);
			name = Feb3UITests;
			productName = Feb3UITests;
			productReference = 7EA46AFA2B6DFEB800EE0968 /* Feb3UITests.xctest */;
			productType = "com.apple.product-type.bundle.ui-testing";
		};
/* End PBXNativeTarget section */

/* Begin PBXProject section */
		7EA46AD22B6DFEB600EE0968 /* Project object */ = {
			isa = PBXProject;
			attributes = {
				BuildIndependentTargetsInParallel = 1;
				LastSwiftUpdateCheck = 1520;
				LastUpgradeCheck = 1520;
				TargetAttributes = {
					7EA46AD92B6DFEB600EE0968 = {
						CreatedOnToolsVersion = 15.2;
					};
					7EA46AEF2B6DFEB800EE0968 = {
						CreatedOnToolsVersion = 15.2;
						TestTargetID = 7EA46AD92B6DFEB600EE0968;
					};
					7EA46AF92B6DFEB800EE0968 = {
						CreatedOnToolsVersion = 15.2;
						TestTargetID = 7EA46AD92B6DFEB600EE0968;
					};
				};
			};
			buildConfigurationList = 7EA46AD52B6DFEB600EE0968 /* Build configuration list for PBXProject "Feb3" */;
			compatibilityVersion = "Xcode 14.0";
			developmentRegion = en;
			hasScannedForEncodings = 0;
			knownRegions = (
				en,
				Base,
			);
			mainGroup = 7EA46AD12B6DFEB600EE0968;
			productRefGroup = 7EA46ADB2B6DFEB600EE0968 /* Products */;
			projectDirPath = "";
			projectRoot = "";
			targets = (
				7EA46AD92B6DFEB600EE0968 /* Feb3 */,
				7EA46AEF2B6DFEB800EE0968 /* Feb3Tests */,
				7EA46AF92B6DFEB800EE0968 /* Feb3UITests */,
			);
		};
/* End PBXProject section */

/* Begin PBXResourcesBuildPhase section */
		7EA46AD82B6DFEB600EE0968 /* Resources */ = {
			isa = PBXResourcesBuildPhase;
			buildActionMask = 2147483647;
			files = (
				7EA46AEA2B6DFEB800EE0968 /* LaunchScreen.storyboard in Resources */,
				7EA46AE72B6DFEB800EE0968 /* Assets.xcassets in Resources */,
				7EA46AE52B6DFEB700EE0968 /* Main.storyboard in Resources */,
			);
			runOnlyForDeploymentPostprocessing = 0;
		};
		7EA46AEE2B6DFEB800EE0968 /* Resources */ = {
			isa = PBXResourcesBuildPhase;
			buildActionMask = 2147483647;
			files = (
			);
			runOnlyForDeploymentPostprocessing = 0;
		};
		7EA46AF82B6DFEB800EE0968 /* Resources */ = {
			isa = PBXResourcesBuildPhase;
			buildActionMask = 2147483647;
			files = (
			);
			runOnlyForDeploymentPostprocessing = 0;
		};
/* End PBXResourcesBuildPhase section */

/* Begin PBXSourcesBuildPhase section */
		7EA46AD62B6DFEB600EE0968 /* Sources */ = {
			isa = PBXSourcesBuildPhase;
			buildActionMask = 2147483647;
			files = (
				7EA46AE22B6DFEB600EE0968 /* ViewController.swift in Sources */,
				7EA46ADE2B6DFEB600EE0968 /* AppDelegate.swift in Sources */,
				7EA46AE02B6DFEB600EE0968 /* SceneDelegate.swift in Sources */,
			);
			runOnlyForDeploymentPostprocessing = 0;
		};
		7EA46AEC2B6DFEB800EE0968 /* Sources */ = {
			isa = PBXSourcesBuildPhase;
			buildActionMask = 2147483647;
			files = (
				7EA46AF52B6DFEB800EE0968 /* Feb3Tests.swift in Sources */,
			);
			runOnlyForDeploymentPostprocessing = 0;
		};
		7EA46AF62B6DFEB800EE0968 /* Sources */ = {
			isa = PBXSourcesBuildPhase;
			buildActionMask = 2147483647;
			files = (
				7EA46B012B6DFEB800EE0968 /* Feb3UITestsLaunchTests.swift in Sources */,
				7EA46AFF2B6DFEB800EE0968 /* Feb3UITests.swift in Sources */,
			);
			runOnlyForDeploymentPostprocessing = 0;
		};
/* End PBXSourcesBuildPhase section */

/* Begin PBXTargetDependency section */
		7EA46AF22B6DFEB800EE0968 /* PBXTargetDependency */ = {
			isa = PBXTargetDependency;
			target = 7EA46AD92B6DFEB600EE0968 /* Feb3 */;
			targetProxy = 7EA46AF12B6DFEB800EE0968 /* PBXContainerItemProxy */;
		};
		7EA46AFC2B6DFEB800EE0968 /* PBXTargetDependency */ = {
			isa = PBXTargetDependency;
			target = 7EA46AD92B6DFEB600EE0968 /* Feb3 */;
			targetProxy = 7EA46AFB2B6DFEB800EE0968 /* PBXContainerItemProxy */;
		};
/* End PBXTargetDependency section */

/* Begin PBXVariantGroup section */
		7EA46AE32B6DFEB700EE0968 /* Main.storyboard */ = {
			isa = PBXVariantGroup;
			children = (
				7EA46AE42B6DFEB700EE0968 /* Base */,
			);
			name = Main.storyboard;
			sourceTree = "<group>";
		};
		7EA46AE82B6DFEB800EE0968 /* LaunchScreen.storyboard */ = {
			isa = PBXVariantGroup;
			children = (
				7EA46AE92B6DFEB800EE0968 /* Base */,
			);
			name = LaunchScreen.storyboard;
			sourceTree = "<group>";
		};
/* End PBXVariantGroup section */

/* Begin XCBuildConfiguration section */
		7EA46B022B6DFEB800EE0968 /* Debug */ = {
			isa = XCBuildConfiguration;
			buildSettings = {
				ALWAYS_SEARCH_USER_PATHS = NO;
				ASSETCATALOG_COMPILER_GENERATE_SWIFT_ASSET_SYMBOL_EXTENSIONS = YES;
				CLANG_ANALYZER_NONNULL = YES;
				CLANG_ANALYZER_NUMBER_OBJECT_CONVERSION = YES_AGGRESSIVE;
				CLANG_CXX_LANGUAGE_STANDARD = "gnu++20";
				CLANG_ENABLE_MODULES = YES;
				CLANG_ENABLE_OBJC_ARC = YES;
				CLANG_ENABLE_OBJC_WEAK = YES;
				CLANG_WARN_BLOCK_CAPTURE_AUTORELEASING = YES;
				CLANG_WARN_BOOL_CONVERSION = YES;
				CLANG_WARN_COMMA = YES;
				CLANG_WARN_CONSTANT_CONVERSION = YES;
				CLANG_WARN_DEPRECATED_OBJC_IMPLEMENTATIONS = YES;
				CLANG_WARN_DIRECT_OBJC_ISA_USAGE = YES_ERROR;
				CLANG_WARN_DOCUMENTATION_COMMENTS = YES;
				CLANG_WARN_EMPTY_BODY = YES;
				CLANG_WARN_ENUM_CONVERSION = YES;
				CLANG_WARN_INFINITE_RECURSION = YES;
				CLANG_WARN_INT_CONVERSION = YES;
				CLANG_WARN_NON_LITERAL_NULL_CONVERSION = YES;
				CLANG_WARN_OBJC_IMPLICIT_RETAIN_SELF = YES;
				CLANG_WARN_OBJC_LITERAL_CONVERSION = YES;
				CLANG_WARN_OBJC_ROOT_CLASS = YES_ERROR;
				CLANG_WARN_QUOTED_INCLUDE_IN_FRAMEWORK_HEADER = YES;
				CLANG_WARN_RANGE_LOOP_ANALYSIS = YES;
				CLANG_WARN_STRICT_PROTOTYPES = YES;
				CLANG_WARN_SUSPICIOUS_MOVE = YES;
				CLANG_WARN_UNGUARDED_AVAILABILITY = YES_AGGRESSIVE;
				CLANG_WARN_UNREACHABLE_CODE = YES;
				CLANG_WARN__DUPLICATE_METHOD_MATCH = YES;
				COPY_PHASE_STRIP = NO;
				DEBUG_INFORMATION_FORMAT = dwarf;
				ENABLE_STRICT_OBJC_MSGSEND = YES;
				ENABLE_TESTABILITY = YES;
				ENABLE_USER_SCRIPT_SANDBOXING = YES;
				GCC_C_LANGUAGE_STANDARD = gnu17;
				GCC_DYNAMIC_NO_PIC = NO;
				GCC_NO_COMMON_BLOCKS = YES;
				GCC_OPTIMIZATION_LEVEL = 0;
				GCC_PREPROCESSOR_DEFINITIONS = (
					"DEBUG=1",
					"$(inherited)",
				);
				GCC_WARN_64_TO_32_BIT_CONVERSION = YES;
				GCC_WARN_ABOUT_RETURN_TYPE = YES_ERROR;
				GCC_WARN_UNDECLARED_SELECTOR = YES;
				GCC_WARN_UNINITIALIZED_AUTOS = YES_AGGRESSIVE;
				GCC_WARN_UNUSED_FUNCTION = YES;
				GCC_WARN_UNUSED_VARIABLE = YES;
				IPHONEOS_DEPLOYMENT_TARGET = 17.2;
				LOCALIZATION_PREFERS_STRING_CATALOGS = YES;
				MTL_ENABLE_DEBUG_INFO = INCLUDE_SOURCE;
				MTL_FAST_MATH = YES;
				ONLY_ACTIVE_ARCH = YES;
				SDKROOT = iphoneos;
				SWIFT_ACTIVE_COMPILATION_CONDITIONS = "DEBUG $(inherited)";
				SWIFT_OPTIMIZATION_LEVEL = "-Onone";
			};
			name = Debug;
		};
		7EA46B032B6DFEB800EE0968 /* Release */ = {
			isa = XCBuildConfiguration;
			buildSettings = {
				ALWAYS_SEARCH_USER_PATHS = NO;
				ASSETCATALOG_COMPILER_GENERATE_SWIFT_ASSET_SYMBOL_EXTENSIONS = YES;
				CLANG_ANALYZER_NONNULL = YES;
				CLANG_ANALYZER_NUMBER_OBJECT_CONVERSION = YES_AGGRESSIVE;
				CLANG_CXX_LANGUAGE_STANDARD = "gnu++20";
				CLANG_ENABLE_MODULES = YES;
				CLANG_ENABLE_OBJC_ARC = YES;
				CLANG_ENABLE_OBJC_WEAK = YES;
				CLANG_WARN_BLOCK_CAPTURE_AUTORELEASING = YES;
				CLANG_WARN_BOOL_CONVERSION = YES;
				CLANG_WARN_COMMA = YES;
				CLANG_WARN_CONSTANT_CONVERSION = YES;
				CLANG_WARN_DEPRECATED_OBJC_IMPLEMENTATIONS = YES;
				CLANG_WARN_DIRECT_OBJC_ISA_USAGE = YES_ERROR;
				CLANG_WARN_DOCUMENTATION_COMMENTS = YES;
				CLANG_WARN_EMPTY_BODY = YES;
				CLANG_WARN_ENUM_CONVERSION = YES;
				CLANG_WARN_INFINITE_RECURSION = YES;
				CLANG_WARN_INT_CONVERSION = YES;
				CLANG_WARN_NON_LITERAL_NULL_CONVERSION = YES;
				CLANG_WARN_OBJC_IMPLICIT_RETAIN_SELF = YES;
				CLANG_WARN_OBJC_LITERAL_CONVERSION = YES;
				CLANG_WARN_OBJC_ROOT_CLASS = YES_ERROR;
				CLANG_WARN_QUOTED_INCLUDE_IN_FRAMEWORK_HEADER = YES;
				CLANG_WARN_RANGE_LOOP_ANALYSIS = YES;
				CLANG_WARN_STRICT_PROTOTYPES = YES;
				CLANG_WARN_SUSPICIOUS_MOVE = YES;
				CLANG_WARN_UNGUARDED_AVAILABILITY = YES_AGGRESSIVE;
				CLANG_WARN_UNREACHABLE_CODE = YES;
				CLANG_WARN__DUPLICATE_METHOD_MATCH = YES;
				COPY_PHASE_STRIP = NO;
				DEBUG_INFORMATION_FORMAT = "dwarf-with-dsym";
				ENABLE_NS_ASSERTIONS = NO;
				ENABLE_STRICT_OBJC_MSGSEND = YES;
				ENABLE_USER_SCRIPT_SANDBOXING = YES;
				GCC_C_LANGUAGE_STANDARD = gnu17;
				GCC_NO_COMMON_BLOCKS = YES;
				GCC_WARN_64_TO_32_BIT_CONVERSION = YES;
				GCC_WARN_ABOUT_RETURN_TYPE = YES_ERROR;
				GCC_WARN_UNDECLARED_SELECTOR = YES;
				GCC_WARN_UNINITIALIZED_AUTOS = YES_AGGRESSIVE;
				GCC_WARN_UNUSED_FUNCTION = YES;
				GCC_WARN_UNUSED_VARIABLE = YES;
				IPHONEOS_DEPLOYMENT_TARGET = 17.2;
				LOCALIZATION_PREFERS_STRING_CATALOGS = YES;
				MTL_ENABLE_DEBUG_INFO = NO;
				MTL_FAST_MATH = YES;
				SDKROOT = iphoneos;
				SWIFT_COMPILATION_MODE = wholemodule;
				VALIDATE_PRODUCT = YES;
			};
			name = Release;
		};
		7EA46B052B6DFEB800EE0968 /* Debug */ = {
			isa = XCBuildConfiguration;
			buildSettings = {
				ASSETCATALOG_COMPILER_APPICON_NAME = AppIcon;
				ASSETCATALOG_COMPILER_GLOBAL_ACCENT_COLOR_NAME = AccentColor;
				CODE_SIGN_STYLE = Automatic;
				CURRENT_PROJECT_VERSION = 1;
				GENERATE_INFOPLIST_FILE = YES;
				INFOPLIST_FILE = Feb3/Info.plist;
				INFOPLIST_KEY_UIApplicationSupportsIndirectInputEvents = YES;
				INFOPLIST_KEY_UILaunchStoryboardName = LaunchScreen;
				INFOPLIST_KEY_UIMainStoryboardFile = Main;
				INFOPLIST_KEY_UISupportedInterfaceOrientations_iPad = "UIInterfaceOrientationPortrait UIInterfaceOrientationPortraitUpsideDown UIInterfaceOrientationLandscapeLeft UIInterfaceOrientationLandscapeRight";
				INFOPLIST_KEY_UISupportedInterfaceOrientations_iPhone = "UIInterfaceOrientationPortrait UIInterfaceOrientationLandscapeLeft UIInterfaceOrientationLandscapeRight";
				LD_RUNPATH_SEARCH_PATHS = (
					"$(inherited)",
					"@executable_path/Frameworks",
				);
				MARKETING_VERSION = 1.0;
				PRODUCT_BUNDLE_IDENTIFIER = xentriom.Feb3;
				PRODUCT_NAME = "$(TARGET_NAME)";
				SWIFT_EMIT_LOC_STRINGS = YES;
				SWIFT_VERSION = 5.0;
				TARGETED_DEVICE_FAMILY = "1,2";
			};
			name = Debug;
		};
		7EA46B062B6DFEB800EE0968 /* Release */ = {
			isa = XCBuildConfiguration;
			buildSettings = {
				ASSETCATALOG_COMPILER_APPICON_NAME = AppIcon;
				ASSETCATALOG_COMPILER_GLOBAL_ACCENT_COLOR_NAME = AccentColor;
				CODE_SIGN_STYLE = Automatic;
				CURRENT_PROJECT_VERSION = 1;
				GENERATE_INFOPLIST_FILE = YES;
				INFOPLIST_FILE = Feb3/Info.plist;
				INFOPLIST_KEY_UIApplicationSupportsIndirectInputEvents = YES;
				INFOPLIST_KEY_UILaunchStoryboardName = LaunchScreen;
				INFOPLIST_KEY_UIMainStoryboardFile = Main;
				INFOPLIST_KEY_UISupportedInterfaceOrientations_iPad = "UIInterfaceOrientationPortrait UIInterfaceOrientationPortraitUpsideDown UIInterfaceOrientationLandscapeLeft UIInterfaceOrientationLandscapeRight";
				INFOPLIST_KEY_UISupportedInterfaceOrientations_iPhone = "UIInterfaceOrientationPortrait UIInterfaceOrientationLandscapeLeft UIInterfaceOrientationLandscapeRight";
				LD_RUNPATH_SEARCH_PATHS = (
					"$(inherited)",
					"@executable_path/Frameworks",
				);
				MARKETING_VERSION = 1.0;
				PRODUCT_BUNDLE_IDENTIFIER = xentriom.Feb3;
				PRODUCT_NAME = "$(TARGET_NAME)";
				SWIFT_EMIT_LOC_STRINGS = YES;
				SWIFT_VERSION = 5.0;
				TARGETED_DEVICE_FAMILY = "1,2";
			};
			name = Release;
		};
		7EA46B082B6DFEB800EE0968 /* Debug */ = {
			isa = XCBuildConfiguration;
			buildSettings = {
				ALWAYS_EMBED_SWIFT_STANDARD_LIBRARIES = YES;
				BUNDLE_LOADER = "$(TEST_HOST)";
				CODE_SIGN_STYLE = Automatic;
				CURRENT_PROJECT_VERSION = 1;
				GENERATE_INFOPLIST_FILE = YES;
				IPHONEOS_DEPLOYMENT_TARGET = 17.2;
				MARKETING_VERSION = 1.0;
				PRODUCT_BUNDLE_IDENTIFIER = xentriom.Feb3Tests;
				PRODUCT_NAME = "$(TARGET_NAME)";
				SWIFT_EMIT_LOC_STRINGS = NO;
				SWIFT_VERSION = 5.0;
				TARGETED_DEVICE_FAMILY = "1,2";
				TEST_HOST = "$(BUILT_PRODUCTS_DIR)/Feb3.app/$(BUNDLE_EXECUTABLE_FOLDER_PATH)/Feb3";
			};
			name = Debug;
		};
		7EA46B092B6DFEB800EE0968 /* Release */ = {
			isa = XCBuildConfiguration;
			buildSettings = {
				ALWAYS_EMBED_SWIFT_STANDARD_LIBRARIES = YES;
				BUNDLE_LOADER = "$(TEST_HOST)";
				CODE_SIGN_STYLE = Automatic;
				CURRENT_PROJECT_VERSION = 1;
				GENERATE_INFOPLIST_FILE = YES;
				IPHONEOS_DEPLOYMENT_TARGET = 17.2;
				MARKETING_VERSION = 1.0;
				PRODUCT_BUNDLE_IDENTIFIER = xentriom.Feb3Tests;
				PRODUCT_NAME = "$(TARGET_NAME)";
				SWIFT_EMIT_LOC_STRINGS = NO;
				SWIFT_VERSION = 5.0;
				TARGETED_DEVICE_FAMILY = "1,2";
				TEST_HOST = "$(BUILT_PRODUCTS_DIR)/Feb3.app/$(BUNDLE_EXECUTABLE_FOLDER_PATH)/Feb3";
			};
			name = Release;
		};
		7EA46B0B2B6DFEB800EE0968 /* Debug */ = {
			isa = XCBuildConfiguration;
			buildSettings = {
				ALWAYS_EMBED_SWIFT_STANDARD_LIBRARIES = YES;
				CODE_SIGN_STYLE = Automatic;
				CURRENT_PROJECT_VERSION = 1;
				GENERATE_INFOPLIST_FILE = YES;
				MARKETING_VERSION = 1.0;
				PRODUCT_BUNDLE_IDENTIFIER = xentriom.Feb3UITests;
				PRODUCT_NAME = "$(TARGET_NAME)";
				SWIFT_EMIT_LOC_STRINGS = NO;
				SWIFT_VERSION = 5.0;
				TARGETED_DEVICE_FAMILY = "1,2";
				TEST_TARGET_NAME = Feb3;
			};
			name = Debug;
		};
		7EA46B0C2B6DFEB800EE0968 /* Release */ = {
			isa = XCBuildConfiguration;
			buildSettings = {
				ALWAYS_EMBED_SWIFT_STANDARD_LIBRARIES = YES;
				CODE_SIGN_STYLE = Automatic;
				CURRENT_PROJECT_VERSION = 1;
				GENERATE_INFOPLIST_FILE = YES;
				MARKETING_VERSION = 1.0;
				PRODUCT_BUNDLE_IDENTIFIER = xentriom.Feb3UITests;
				PRODUCT_NAME = "$(TARGET_NAME)";
				SWIFT_EMIT_LOC_STRINGS = NO;
				SWIFT_VERSION = 5.0;
				TARGETED_DEVICE_FAMILY = "1,2";
				TEST_TARGET_NAME = Feb3;
			};
			name = Release;
		};
/* End XCBuildConfiguration section */

/* Begin XCConfigurationList section */
		7EA46AD52B6DFEB600EE0968 /* Build configuration list for PBXProject "Feb3" */ = {
			isa = XCConfigurationList;
			buildConfigurations = (
				7EA46B022B6DFEB800EE0968 /* Debug */,
				7EA46B032B6DFEB800EE0968 /* Release */,
			);
			defaultConfigurationIsVisible = 0;
			defaultConfigurationName = Release;
		};
		7EA46B042B6DFEB800EE0968 /* Build configuration list for PBXNativeTarget "Feb3" */ = {
			isa = XCConfigurationList;
			buildConfigurations = (
				7EA46B052B6DFEB800EE0968 /* Debug */,
				7EA46B062B6DFEB800EE0968 /* Release */,
			);
			defaultConfigurationIsVisible = 0;
			defaultConfigurationName = Release;
		};
		7EA46B072B6DFEB800EE0968 /* Build configuration list for PBXNativeTarget "Feb3Tests" */ = {
			isa = XCConfigurationList;
			buildConfigurations = (
				7EA46B082B6DFEB800EE0968 /* Debug */,
				7EA46B092B6DFEB800EE0968 /* Release */,
			);
			defaultConfigurationIsVisible = 0;
			defaultConfigurationName = Release;
		};
		7EA46B0A2B6DFEB800EE0968 /* Build configuration list for PBXNativeTarget "Feb3UITests" */ = {
			isa = XCConfigurationList;
			buildConfigurations = (
				7EA46B0B2B6DFEB800EE0968 /* Debug */,
				7EA46B0C2B6DFEB800EE0968 /* Release */,
			);
			defaultConfigurationIsVisible = 0;
			defaultConfigurationName = Release;
		};
/* End XCConfigurationList section */
	};
	rootObject = 7EA46AD22B6DFEB600EE0968 /* Project object */;
}
